// !$*UTF8*$!
{
	archiveVersion = 1;
	classes = {
	};
	objectVersion = 46;
	objects = {

/* Begin PBXBuildFile section */
		2240B5EA1E12541F00D24F9A /* AppData.xcdatamodeld in Sources */ = {isa = PBXBuildFile; fileRef = 2240B5E81E12541F00D24F9A /* AppData.xcdatamodeld */; };
		226C4CBF1D95897800731F9D /* Assets.xcassets in Resources */ = {isa = PBXBuildFile; fileRef = 226C4CBE1D95897800731F9D /* Assets.xcassets */; };
		22A0FDA31DBF476E00A263F5 /* Muse.framework in Frameworks */ = {isa = PBXBuildFile; fileRef = 22A0FDA21DBF476E00A263F5 /* Muse.framework */; };
		22A0FDA41DBF476E00A263F5 /* Muse.framework in Frameworks */ = {isa = PBXBuildFile; fileRef = 22A0FDA21DBF476E00A263F5 /* Muse.framework */; };
		22A0FDA51DBF476E00A263F5 /* Muse.framework in Frameworks */ = {isa = PBXBuildFile; fileRef = 22A0FDA21DBF476E00A263F5 /* Muse.framework */; };
		22A923931D93B0AB002A0CA0 /* AppDelegate.swift in Sources */ = {isa = PBXBuildFile; fileRef = 22A923921D93B0AB002A0CA0 /* AppDelegate.swift */; };
		22A923951D93B0AB002A0CA0 /* ViewController.swift in Sources */ = {isa = PBXBuildFile; fileRef = 22A923941D93B0AB002A0CA0 /* ViewController.swift */; };
		22A923981D93B0AB002A0CA0 /* Main.storyboard in Resources */ = {isa = PBXBuildFile; fileRef = 22A923961D93B0AB002A0CA0 /* Main.storyboard */; };
		22A9239D1D93B0AB002A0CA0 /* LaunchScreen.storyboard in Resources */ = {isa = PBXBuildFile; fileRef = 22A9239B1D93B0AB002A0CA0 /* LaunchScreen.storyboard */; };
		22A923A81D93B0AB002A0CA0 /* MusicMoodTests.swift in Sources */ = {isa = PBXBuildFile; fileRef = 22A923A71D93B0AB002A0CA0 /* MusicMoodTests.swift */; };
		22A923B31D93B0AB002A0CA0 /* MusicMoodUITests.swift in Sources */ = {isa = PBXBuildFile; fileRef = 22A923B21D93B0AB002A0CA0 /* MusicMoodUITests.swift */; };
		22D1C1D21DC0639400FA16FD /* SimpleController.xib in Resources */ = {isa = PBXBuildFile; fileRef = 22D1C1CC1DC0639400FA16FD /* SimpleController.xib */; };
		22D1C1D31DC0639400FA16FD /* SimpleController.m in Sources */ = {isa = PBXBuildFile; fileRef = 22D1C1CD1DC0639400FA16FD /* SimpleController.m */; };
		22D1C1D71DC0639D00FA16FD /* libc++.tbd in Frameworks */ = {isa = PBXBuildFile; fileRef = 22D1C1D61DC0639D00FA16FD /* libc++.tbd */; };
		22D569081E10F25200832153 /* ConnectionController.swift in Sources */ = {isa = PBXBuildFile; fileRef = 22D569071E10F25200832153 /* ConnectionController.swift */; };
		22D569091E10F25200832153 /* ConnectionController.swift in Sources */ = {isa = PBXBuildFile; fileRef = 22D569071E10F25200832153 /* ConnectionController.swift */; };
		22D5690A1E10F25200832153 /* ConnectionController.swift in Sources */ = {isa = PBXBuildFile; fileRef = 22D569071E10F25200832153 /* ConnectionController.swift */; };
		22EB783A1E137F3D000DFC07 /* AppDelegate.swift in Sources */ = {isa = PBXBuildFile; fileRef = 22A923921D93B0AB002A0CA0 /* AppDelegate.swift */; };
		22EB783B1E137F3E000DFC07 /* AppDelegate.swift in Sources */ = {isa = PBXBuildFile; fileRef = 22A923921D93B0AB002A0CA0 /* AppDelegate.swift */; };
		22EB783D1E137F6A000DFC07 /* BrainWaveData+CoreDataClass.swift in Sources */ = {isa = PBXBuildFile; fileRef = 2240B5F31E1255A700D24F9A /* BrainWaveData+CoreDataClass.swift */; };
		22EB783E1E137F6B000DFC07 /* BrainWaveData+CoreDataClass.swift in Sources */ = {isa = PBXBuildFile; fileRef = 2240B5F31E1255A700D24F9A /* BrainWaveData+CoreDataClass.swift */; };
		22EB78401E137F6D000DFC07 /* BrainWaveData+CoreDataProperties.swift in Sources */ = {isa = PBXBuildFile; fileRef = 2240B5F41E1255A700D24F9A /* BrainWaveData+CoreDataProperties.swift */; };
		22EB78411E137F6E000DFC07 /* BrainWaveData+CoreDataProperties.swift in Sources */ = {isa = PBXBuildFile; fileRef = 2240B5F41E1255A700D24F9A /* BrainWaveData+CoreDataProperties.swift */; };
/* End PBXBuildFile section */

/* Begin PBXContainerItemProxy section */
		22A923A41D93B0AB002A0CA0 /* PBXContainerItemProxy */ = {
			isa = PBXContainerItemProxy;
			containerPortal = 22A923871D93B0AB002A0CA0 /* Project object */;
			proxyType = 1;
			remoteGlobalIDString = 22A9238E1D93B0AB002A0CA0;
			remoteInfo = MusicMood;
		};
		22A923AF1D93B0AB002A0CA0 /* PBXContainerItemProxy */ = {
			isa = PBXContainerItemProxy;
			containerPortal = 22A923871D93B0AB002A0CA0 /* Project object */;
			proxyType = 1;
			remoteGlobalIDString = 22A9238E1D93B0AB002A0CA0;
			remoteInfo = MusicMood;
		};
/* End PBXContainerItemProxy section */

/* Begin PBXFileReference section */
		2240B5E91E12541F00D24F9A /* AppData.xcdatamodel */ = {isa = PBXFileReference; lastKnownFileType = wrapper.xcdatamodel; path = AppData.xcdatamodel; sourceTree = "<group>"; };
		2240B5F31E1255A700D24F9A /* BrainWaveData+CoreDataClass.swift */ = {isa = PBXFileReference; fileEncoding = 4; lastKnownFileType = sourcecode.swift; path = "BrainWaveData+CoreDataClass.swift"; sourceTree = "<group>"; };
		2240B5F41E1255A700D24F9A /* BrainWaveData+CoreDataProperties.swift */ = {isa = PBXFileReference; fileEncoding = 4; lastKnownFileType = sourcecode.swift; path = "BrainWaveData+CoreDataProperties.swift"; sourceTree = "<group>"; };
		226C4CBE1D95897800731F9D /* Assets.xcassets */ = {isa = PBXFileReference; lastKnownFileType = folder.assetcatalog; path = Assets.xcassets; sourceTree = "<group>"; };
		22A0FDA21DBF476E00A263F5 /* Muse.framework */ = {isa = PBXFileReference; lastKnownFileType = wrapper.framework; path = Muse.framework; sourceTree = "<group>"; };
		22A0FDA61DBF49EF00A263F5 /* MusicMood-Bridging-Header.h */ = {isa = PBXFileReference; lastKnownFileType = sourcecode.c.h; path = "MusicMood-Bridging-Header.h"; sourceTree = "<group>"; };
		22A0FDA71DBF49EF00A263F5 /* MusicMoodTests-Bridging-Header.h */ = {isa = PBXFileReference; lastKnownFileType = sourcecode.c.h; path = "MusicMoodTests-Bridging-Header.h"; sourceTree = "<group>"; };
		22A0FDA81DBF49EF00A263F5 /* MusicMoodUITests-Bridging-Header.h */ = {isa = PBXFileReference; lastKnownFileType = sourcecode.c.h; path = "MusicMoodUITests-Bridging-Header.h"; sourceTree = "<group>"; };
		22A9238F1D93B0AB002A0CA0 /* MusicMood.app */ = {isa = PBXFileReference; explicitFileType = wrapper.application; includeInIndex = 0; path = MusicMood.app; sourceTree = BUILT_PRODUCTS_DIR; };
		22A923921D93B0AB002A0CA0 /* AppDelegate.swift */ = {isa = PBXFileReference; lastKnownFileType = sourcecode.swift; path = AppDelegate.swift; sourceTree = "<group>"; };
		22A923941D93B0AB002A0CA0 /* ViewController.swift */ = {isa = PBXFileReference; lastKnownFileType = sourcecode.swift; path = ViewController.swift; sourceTree = "<group>"; };
		22A923971D93B0AB002A0CA0 /* Base */ = {isa = PBXFileReference; lastKnownFileType = file.storyboard; name = Base; path = Base.lproj/Main.storyboard; sourceTree = "<group>"; };
		22A9239C1D93B0AB002A0CA0 /* Base */ = {isa = PBXFileReference; lastKnownFileType = file.storyboard; name = Base; path = Base.lproj/LaunchScreen.storyboard; sourceTree = "<group>"; };
		22A9239E1D93B0AB002A0CA0 /* Info.plist */ = {isa = PBXFileReference; lastKnownFileType = text.plist.xml; path = Info.plist; sourceTree = "<group>"; };
		22A923A31D93B0AB002A0CA0 /* MusicMoodTests.xctest */ = {isa = PBXFileReference; explicitFileType = wrapper.cfbundle; includeInIndex = 0; path = MusicMoodTests.xctest; sourceTree = BUILT_PRODUCTS_DIR; };
		22A923A71D93B0AB002A0CA0 /* MusicMoodTests.swift */ = {isa = PBXFileReference; lastKnownFileType = sourcecode.swift; path = MusicMoodTests.swift; sourceTree = "<group>"; };
		22A923A91D93B0AB002A0CA0 /* Info.plist */ = {isa = PBXFileReference; lastKnownFileType = text.plist.xml; path = Info.plist; sourceTree = "<group>"; };
		22A923AE1D93B0AB002A0CA0 /* MusicMoodUITests.xctest */ = {isa = PBXFileReference; explicitFileType = wrapper.cfbundle; includeInIndex = 0; path = MusicMoodUITests.xctest; sourceTree = BUILT_PRODUCTS_DIR; };
		22A923B21D93B0AB002A0CA0 /* MusicMoodUITests.swift */ = {isa = PBXFileReference; lastKnownFileType = sourcecode.swift; path = MusicMoodUITests.swift; sourceTree = "<group>"; };
		22A923B41D93B0AB002A0CA0 /* Info.plist */ = {isa = PBXFileReference; lastKnownFileType = text.plist.xml; path = Info.plist; sourceTree = "<group>"; };
		22D1C1CC1DC0639400FA16FD /* SimpleController.xib */ = {isa = PBXFileReference; fileEncoding = 4; lastKnownFileType = file.xib; path = SimpleController.xib; sourceTree = "<group>"; };
		22D1C1CD1DC0639400FA16FD /* SimpleController.m */ = {isa = PBXFileReference; fileEncoding = 4; lastKnownFileType = sourcecode.c.objc; path = SimpleController.m; sourceTree = "<group>"; };
		22D1C1CE1DC0639400FA16FD /* SimpleController.h */ = {isa = PBXFileReference; fileEncoding = 4; lastKnownFileType = sourcecode.c.h; path = SimpleController.h; sourceTree = "<group>"; };
		22D1C1D61DC0639D00FA16FD /* libc++.tbd */ = {isa = PBXFileReference; fileEncoding = 4; lastKnownFileType = "sourcecode.text-based-dylib-definition"; path = "libc++.tbd"; sourceTree = "<group>"; };
		22D569071E10F25200832153 /* ConnectionController.swift */ = {isa = PBXFileReference; fileEncoding = 4; lastKnownFileType = sourcecode.swift; path = ConnectionController.swift; sourceTree = "<group>"; };
/* End PBXFileReference section */

/* Begin PBXFrameworksBuildPhase section */
		22A9238C1D93B0AB002A0CA0 /* Frameworks */ = {
			isa = PBXFrameworksBuildPhase;
			buildActionMask = 2147483647;
			files = (
				22D1C1D71DC0639D00FA16FD /* libc++.tbd in Frameworks */,
				22A0FDA31DBF476E00A263F5 /* Muse.framework in Frameworks */,
			);
			runOnlyForDeploymentPostprocessing = 0;
		};
		22A923A01D93B0AB002A0CA0 /* Frameworks */ = {
			isa = PBXFrameworksBuildPhase;
			buildActionMask = 2147483647;
			files = (
				22A0FDA41DBF476E00A263F5 /* Muse.framework in Frameworks */,
			);
			runOnlyForDeploymentPostprocessing = 0;
		};
		22A923AB1D93B0AB002A0CA0 /* Frameworks */ = {
			isa = PBXFrameworksBuildPhase;
			buildActionMask = 2147483647;
			files = (
				22A0FDA51DBF476E00A263F5 /* Muse.framework in Frameworks */,
			);
			runOnlyForDeploymentPostprocessing = 0;
		};
/* End PBXFrameworksBuildPhase section */

/* Begin PBXGroup section */
		22A923861D93B0AB002A0CA0 = {
			isa = PBXGroup;
			children = (
				2240B5F31E1255A700D24F9A /* BrainWaveData+CoreDataClass.swift */,
				2240B5F41E1255A700D24F9A /* BrainWaveData+CoreDataProperties.swift */,
				22A0FDA21DBF476E00A263F5 /* Muse.framework */,
				22D1C1D61DC0639D00FA16FD /* libc++.tbd */,
				22A923911D93B0AB002A0CA0 /* MusicMood */,
				22A923A61D93B0AB002A0CA0 /* MusicMoodTests */,
				22A923B11D93B0AB002A0CA0 /* MusicMoodUITests */,
				22A923901D93B0AB002A0CA0 /* Products */,
			);
			sourceTree = "<group>";
		};
		22A923901D93B0AB002A0CA0 /* Products */ = {
			isa = PBXGroup;
			children = (
				22A9238F1D93B0AB002A0CA0 /* MusicMood.app */,
				22A923A31D93B0AB002A0CA0 /* MusicMoodTests.xctest */,
				22A923AE1D93B0AB002A0CA0 /* MusicMoodUITests.xctest */,
			);
			name = Products;
			sourceTree = "<group>";
		};
		22A923911D93B0AB002A0CA0 /* MusicMood */ = {
			isa = PBXGroup;
			children = (
				22D1C1CC1DC0639400FA16FD /* SimpleController.xib */,
				22D1C1CE1DC0639400FA16FD /* SimpleController.h */,
				22D1C1CD1DC0639400FA16FD /* SimpleController.m */,
				22A923921D93B0AB002A0CA0 /* AppDelegate.swift */,
				22A923941D93B0AB002A0CA0 /* ViewController.swift */,
				22A923961D93B0AB002A0CA0 /* Main.storyboard */,
				22D569071E10F25200832153 /* ConnectionController.swift */,
				226C4CBE1D95897800731F9D /* Assets.xcassets */,
				22A9239B1D93B0AB002A0CA0 /* LaunchScreen.storyboard */,
				22A9239E1D93B0AB002A0CA0 /* Info.plist */,
				22A0FDA61DBF49EF00A263F5 /* MusicMood-Bridging-Header.h */,
				22A0FDA71DBF49EF00A263F5 /* MusicMoodTests-Bridging-Header.h */,
				22A0FDA81DBF49EF00A263F5 /* MusicMoodUITests-Bridging-Header.h */,
				2240B5E81E12541F00D24F9A /* AppData.xcdatamodeld */,
			);
			path = MusicMood;
			sourceTree = "<group>";
		};
		22A923A61D93B0AB002A0CA0 /* MusicMoodTests */ = {
			isa = PBXGroup;
			children = (
				22A923A71D93B0AB002A0CA0 /* MusicMoodTests.swift */,
				22A923A91D93B0AB002A0CA0 /* Info.plist */,
			);
			path = MusicMoodTests;
			sourceTree = "<group>";
		};
		22A923B11D93B0AB002A0CA0 /* MusicMoodUITests */ = {
			isa = PBXGroup;
			children = (
				22A923B21D93B0AB002A0CA0 /* MusicMoodUITests.swift */,
				22A923B41D93B0AB002A0CA0 /* Info.plist */,
			);
			path = MusicMoodUITests;
			sourceTree = "<group>";
		};
/* End PBXGroup section */

/* Begin PBXNativeTarget section */
		22A9238E1D93B0AB002A0CA0 /* MusicMood */ = {
			isa = PBXNativeTarget;
			buildConfigurationList = 22A923B71D93B0AB002A0CA0 /* Build configuration list for PBXNativeTarget "MusicMood" */;
			buildPhases = (
				22A9238B1D93B0AB002A0CA0 /* Sources */,
				22A9238C1D93B0AB002A0CA0 /* Frameworks */,
				22A9238D1D93B0AB002A0CA0 /* Resources */,
			);
			buildRules = (
			);
			dependencies = (
			);
			name = MusicMood;
			productName = MusicMood;
			productReference = 22A9238F1D93B0AB002A0CA0 /* MusicMood.app */;
			productType = "com.apple.product-type.application";
		};
		22A923A21D93B0AB002A0CA0 /* MusicMoodTests */ = {
			isa = PBXNativeTarget;
			buildConfigurationList = 22A923BA1D93B0AB002A0CA0 /* Build configuration list for PBXNativeTarget "MusicMoodTests" */;
			buildPhases = (
				22A9239F1D93B0AB002A0CA0 /* Sources */,
				22A923A01D93B0AB002A0CA0 /* Frameworks */,
				22A923A11D93B0AB002A0CA0 /* Resources */,
			);
			buildRules = (
			);
			dependencies = (
				22A923A51D93B0AB002A0CA0 /* PBXTargetDependency */,
			);
			name = MusicMoodTests;
			productName = MusicMoodTests;
			productReference = 22A923A31D93B0AB002A0CA0 /* MusicMoodTests.xctest */;
			productType = "com.apple.product-type.bundle.unit-test";
		};
		22A923AD1D93B0AB002A0CA0 /* MusicMoodUITests */ = {
			isa = PBXNativeTarget;
			buildConfigurationList = 22A923BD1D93B0AB002A0CA0 /* Build configuration list for PBXNativeTarget "MusicMoodUITests" */;
			buildPhases = (
				22A923AA1D93B0AB002A0CA0 /* Sources */,
				22A923AB1D93B0AB002A0CA0 /* Frameworks */,
				22A923AC1D93B0AB002A0CA0 /* Resources */,
			);
			buildRules = (
			);
			dependencies = (
				22A923B01D93B0AB002A0CA0 /* PBXTargetDependency */,
			);
			name = MusicMoodUITests;
			productName = MusicMoodUITests;
			productReference = 22A923AE1D93B0AB002A0CA0 /* MusicMoodUITests.xctest */;
			productType = "com.apple.product-type.bundle.ui-testing";
		};
/* End PBXNativeTarget section */

/* Begin PBXProject section */
		22A923871D93B0AB002A0CA0 /* Project object */ = {
			isa = PBXProject;
			attributes = {
				LastSwiftUpdateCheck = 0800;
				LastUpgradeCheck = 0810;
				ORGANIZATIONNAME = "Ivan Rzhanoi";
				TargetAttributes = {
					22A9238E1D93B0AB002A0CA0 = {
						CreatedOnToolsVersion = 8.0;
						DevelopmentTeam = FF8XS2JGH6;
						LastSwiftMigration = 0800;
						ProvisioningStyle = Automatic;
					};
					22A923A21D93B0AB002A0CA0 = {
						CreatedOnToolsVersion = 8.0;
						DevelopmentTeam = FF8XS2JGH6;
						LastSwiftMigration = 0800;
						ProvisioningStyle = Automatic;
						TestTargetID = 22A9238E1D93B0AB002A0CA0;
					};
					22A923AD1D93B0AB002A0CA0 = {
						CreatedOnToolsVersion = 8.0;
						DevelopmentTeam = FF8XS2JGH6;
						LastSwiftMigration = 0800;
						ProvisioningStyle = Automatic;
						TestTargetID = 22A9238E1D93B0AB002A0CA0;
					};
				};
			};
			buildConfigurationList = 22A9238A1D93B0AB002A0CA0 /* Build configuration list for PBXProject "MusicMood" */;
			compatibilityVersion = "Xcode 3.2";
			developmentRegion = English;
			hasScannedForEncodings = 0;
			knownRegions = (
				en,
				Base,
			);
			mainGroup = 22A923861D93B0AB002A0CA0;
			productRefGroup = 22A923901D93B0AB002A0CA0 /* Products */;
			projectDirPath = "";
			projectRoot = "";
			targets = (
				22A9238E1D93B0AB002A0CA0 /* MusicMood */,
				22A923A21D93B0AB002A0CA0 /* MusicMoodTests */,
				22A923AD1D93B0AB002A0CA0 /* MusicMoodUITests */,
			);
		};
/* End PBXProject section */

/* Begin PBXResourcesBuildPhase section */
		22A9238D1D93B0AB002A0CA0 /* Resources */ = {
			isa = PBXResourcesBuildPhase;
			buildActionMask = 2147483647;
			files = (
				22A9239D1D93B0AB002A0CA0 /* LaunchScreen.storyboard in Resources */,
				226C4CBF1D95897800731F9D /* Assets.xcassets in Resources */,
				22A923981D93B0AB002A0CA0 /* Main.storyboard in Resources */,
				22D1C1D21DC0639400FA16FD /* SimpleController.xib in Resources */,
			);
			runOnlyForDeploymentPostprocessing = 0;
		};
		22A923A11D93B0AB002A0CA0 /* Resources */ = {
			isa = PBXResourcesBuildPhase;
			buildActionMask = 2147483647;
			files = (
			);
			runOnlyForDeploymentPostprocessing = 0;
		};
		22A923AC1D93B0AB002A0CA0 /* Resources */ = {
			isa = PBXResourcesBuildPhase;
			buildActionMask = 2147483647;
			files = (
			);
			runOnlyForDeploymentPostprocessing = 0;
		};
/* End PBXResourcesBuildPhase section */

/* Begin PBXSourcesBuildPhase section */
		22A9238B1D93B0AB002A0CA0 /* Sources */ = {
			isa = PBXSourcesBuildPhase;
			buildActionMask = 2147483647;
			files = (
				22D569081E10F25200832153 /* ConnectionController.swift in Sources */,
				22A923951D93B0AB002A0CA0 /* ViewController.swift in Sources */,
				22A923931D93B0AB002A0CA0 /* AppDelegate.swift in Sources */,
				22D1C1D31DC0639400FA16FD /* SimpleController.m in Sources */,
				2240B5EA1E12541F00D24F9A /* AppData.xcdatamodeld in Sources */,
			);
			runOnlyForDeploymentPostprocessing = 0;
		};
		22A9239F1D93B0AB002A0CA0 /* Sources */ = {
			isa = PBXSourcesBuildPhase;
			buildActionMask = 2147483647;
			files = (
				22EB783A1E137F3D000DFC07 /* AppDelegate.swift in Sources */,
				22A923A81D93B0AB002A0CA0 /* MusicMoodTests.swift in Sources */,
				22D569091E10F25200832153 /* ConnectionController.swift in Sources */,
				22EB783D1E137F6A000DFC07 /* BrainWaveData+CoreDataClass.swift in Sources */,
				22EB78401E137F6D000DFC07 /* BrainWaveData+CoreDataProperties.swift in Sources */,
			);
			runOnlyForDeploymentPostprocessing = 0;
		};
		22A923AA1D93B0AB002A0CA0 /* Sources */ = {
			isa = PBXSourcesBuildPhase;
			buildActionMask = 2147483647;
			files = (
				22EB783B1E137F3E000DFC07 /* AppDelegate.swift in Sources */,
				22A923B31D93B0AB002A0CA0 /* MusicMoodUITests.swift in Sources */,
				22D5690A1E10F25200832153 /* ConnectionController.swift in Sources */,
				22EB783E1E137F6B000DFC07 /* BrainWaveData+CoreDataClass.swift in Sources */,
				22EB78411E137F6E000DFC07 /* BrainWaveData+CoreDataProperties.swift in Sources */,
			);
			runOnlyForDeploymentPostprocessing = 0;
		};
/* End PBXSourcesBuildPhase section */

/* Begin PBXTargetDependency section */
		22A923A51D93B0AB002A0CA0 /* PBXTargetDependency */ = {
			isa = PBXTargetDependency;
			target = 22A9238E1D93B0AB002A0CA0 /* MusicMood */;
			targetProxy = 22A923A41D93B0AB002A0CA0 /* PBXContainerItemProxy */;
		};
		22A923B01D93B0AB002A0CA0 /* PBXTargetDependency */ = {
			isa = PBXTargetDependency;
			target = 22A9238E1D93B0AB002A0CA0 /* MusicMood */;
			targetProxy = 22A923AF1D93B0AB002A0CA0 /* PBXContainerItemProxy */;
		};
/* End PBXTargetDependency section */

/* Begin PBXVariantGroup section */
		22A923961D93B0AB002A0CA0 /* Main.storyboard */ = {
			isa = PBXVariantGroup;
			children = (
				22A923971D93B0AB002A0CA0 /* Base */,
			);
			name = Main.storyboard;
			sourceTree = "<group>";
		};
		22A9239B1D93B0AB002A0CA0 /* LaunchScreen.storyboard */ = {
			isa = PBXVariantGroup;
			children = (
				22A9239C1D93B0AB002A0CA0 /* Base */,
			);
			name = LaunchScreen.storyboard;
			sourceTree = "<group>";
		};
/* End PBXVariantGroup section */

/* Begin XCBuildConfiguration section */
		22A923B51D93B0AB002A0CA0 /* Debug */ = {
			isa = XCBuildConfiguration;
			buildSettings = {
				ALWAYS_SEARCH_USER_PATHS = NO;
				CLANG_ANALYZER_NONNULL = YES;
				CLANG_CXX_LANGUAGE_STANDARD = "gnu++0x";
				CLANG_CXX_LIBRARY = "libc++";
				CLANG_ENABLE_MODULES = YES;
				CLANG_ENABLE_OBJC_ARC = YES;
				CLANG_WARN_BOOL_CONVERSION = YES;
				CLANG_WARN_CONSTANT_CONVERSION = YES;
				CLANG_WARN_DIRECT_OBJC_ISA_USAGE = YES_ERROR;
				CLANG_WARN_DOCUMENTATION_COMMENTS = YES;
				CLANG_WARN_EMPTY_BODY = YES;
				CLANG_WARN_ENUM_CONVERSION = YES;
				CLANG_WARN_INFINITE_RECURSION = YES;
				CLANG_WARN_INT_CONVERSION = YES;
				CLANG_WARN_OBJC_ROOT_CLASS = YES_ERROR;
				CLANG_WARN_SUSPICIOUS_MOVE = YES;
				CLANG_WARN_SUSPICIOUS_MOVES = YES;
				CLANG_WARN_UNREACHABLE_CODE = YES;
				CLANG_WARN__DUPLICATE_METHOD_MATCH = YES;
				"CODE_SIGN_IDENTITY[sdk=iphoneos*]" = "iPhone Developer";
				COPY_PHASE_STRIP = NO;
				DEBUG_INFORMATION_FORMAT = dwarf;
				ENABLE_STRICT_OBJC_MSGSEND = YES;
				ENABLE_TESTABILITY = YES;
				GCC_C_LANGUAGE_STANDARD = gnu99;
				GCC_DYNAMIC_NO_PIC = NO;
				GCC_NO_COMMON_BLOCKS = YES;
				GCC_OPTIMIZATION_LEVEL = 0;
				GCC_PREPROCESSOR_DEFINITIONS = (
					"DEBUG=1",
					"$(inherited)",
				);
				GCC_WARN_64_TO_32_BIT_CONVERSION = YES;
				GCC_WARN_ABOUT_RETURN_TYPE = YES_ERROR;
				GCC_WARN_UNDECLARED_SELECTOR = YES;
				GCC_WARN_UNINITIALIZED_AUTOS = YES_AGGRESSIVE;
				GCC_WARN_UNUSED_FUNCTION = YES;
				GCC_WARN_UNUSED_VARIABLE = YES;
				IPHONEOS_DEPLOYMENT_TARGET = 10.0;
				MTL_ENABLE_DEBUG_INFO = YES;
				ONLY_ACTIVE_ARCH = YES;
				SDKROOT = iphoneos;
				SWIFT_ACTIVE_COMPILATION_CONDITIONS = DEBUG;
				SWIFT_OPTIMIZATION_LEVEL = "-Onone";
				TARGETED_DEVICE_FAMILY = "1,2";
			};
			name = Debug;
		};
		22A923B61D93B0AB002A0CA0 /* Release */ = {
			isa = XCBuildConfiguration;
			buildSettings = {
				ALWAYS_SEARCH_USER_PATHS = NO;
				CLANG_ANALYZER_NONNULL = YES;
				CLANG_CXX_LANGUAGE_STANDARD = "gnu++0x";
				CLANG_CXX_LIBRARY = "libc++";
				CLANG_ENABLE_MODULES = YES;
				CLANG_ENABLE_OBJC_ARC = YES;
				CLANG_WARN_BOOL_CONVERSION = YES;
				CLANG_WARN_CONSTANT_CONVERSION = YES;
				CLANG_WARN_DIRECT_OBJC_ISA_USAGE = YES_ERROR;
				CLANG_WARN_DOCUMENTATION_COMMENTS = YES;
				CLANG_WARN_EMPTY_BODY = YES;
				CLANG_WARN_ENUM_CONVERSION = YES;
				CLANG_WARN_INFINITE_RECURSION = YES;
				CLANG_WARN_INT_CONVERSION = YES;
				CLANG_WARN_OBJC_ROOT_CLASS = YES_ERROR;
				CLANG_WARN_SUSPICIOUS_MOVE = YES;
				CLANG_WARN_SUSPICIOUS_MOVES = YES;
				CLANG_WARN_UNREACHABLE_CODE = YES;
				CLANG_WARN__DUPLICATE_METHOD_MATCH = YES;
				"CODE_SIGN_IDENTITY[sdk=iphoneos*]" = "iPhone Developer";
				COPY_PHASE_STRIP = NO;
				DEBUG_INFORMATION_FORMAT = "dwarf-with-dsym";
				ENABLE_NS_ASSERTIONS = NO;
				ENABLE_STRICT_OBJC_MSGSEND = YES;
				GCC_C_LANGUAGE_STANDARD = gnu99;
				GCC_NO_COMMON_BLOCKS = YES;
				GCC_WARN_64_TO_32_BIT_CONVERSION = YES;
				GCC_WARN_ABOUT_RETURN_TYPE = YES_ERROR;
				GCC_WARN_UNDECLARED_SELECTOR = YES;
				GCC_WARN_UNINITIALIZED_AUTOS = YES_AGGRESSIVE;
				GCC_WARN_UNUSED_FUNCTION = YES;
				GCC_WARN_UNUSED_VARIABLE = YES;
				IPHONEOS_DEPLOYMENT_TARGET = 10.0;
				MTL_ENABLE_DEBUG_INFO = NO;
				SDKROOT = iphoneos;
				SWIFT_OPTIMIZATION_LEVEL = "-Owholemodule";
				TARGETED_DEVICE_FAMILY = "1,2";
				VALIDATE_PRODUCT = YES;
			};
			name = Release;
		};
		22A923B81D93B0AB002A0CA0 /* Debug */ = {
			isa = XCBuildConfiguration;
			buildSettings = {
				ASSETCATALOG_COMPILER_APPICON_NAME = AppIcon;
				CLANG_ENABLE_MODULES = YES;
				DEVELOPMENT_TEAM = FF8XS2JGH6;
				ENABLE_BITCODE = NO;
				FRAMEWORK_SEARCH_PATHS = (
					"$(inherited)",
					"$(PROJECT_DIR)",
				);
				INFOPLIST_FILE = MusicMood/Info.plist;
				LD_RUNPATH_SEARCH_PATHS = "$(inherited) @executable_path/Frameworks";
				LIBRARY_SEARCH_PATHS = (
					"$(inherited)",
					"$(PROJECT_DIR)",
				);
				PRODUCT_BUNDLE_IDENTIFIER = "Ivan-Rzhanoi.MusicMood";
				PRODUCT_NAME = "$(TARGET_NAME)";
				SWIFT_OBJC_BRIDGING_HEADER = "MusicMood/MusicMood-Bridging-Header.h";
				SWIFT_OPTIMIZATION_LEVEL = "-Onone";
				SWIFT_VERSION = 3.0;
			};
			name = Debug;
		};
		22A923B91D93B0AB002A0CA0 /* Release */ = {
			isa = XCBuildConfiguration;
			buildSettings = {
				ASSETCATALOG_COMPILER_APPICON_NAME = AppIcon;
				CLANG_ENABLE_MODULES = YES;
				DEVELOPMENT_TEAM = FF8XS2JGH6;
				ENABLE_BITCODE = NO;
				FRAMEWORK_SEARCH_PATHS = (
					"$(inherited)",
					"$(PROJECT_DIR)",
				);
				INFOPLIST_FILE = MusicMood/Info.plist;
				LD_RUNPATH_SEARCH_PATHS = "$(inherited) @executable_path/Frameworks";
				LIBRARY_SEARCH_PATHS = (
					"$(inherited)",
					"$(PROJECT_DIR)",
				);
				PRODUCT_BUNDLE_IDENTIFIER = "Ivan-Rzhanoi.MusicMood";
				PRODUCT_NAME = "$(TARGET_NAME)";
				SWIFT_OBJC_BRIDGING_HEADER = "MusicMood/MusicMood-Bridging-Header.h";
				SWIFT_VERSION = 3.0;
			};
			name = Release;
		};
		22A923BB1D93B0AB002A0CA0 /* Debug */ = {
			isa = XCBuildConfiguration;
			buildSettings = {
				ALWAYS_EMBED_SWIFT_STANDARD_LIBRARIES = YES;
				BUNDLE_LOADER = "$(TEST_HOST)";
				CLANG_ENABLE_MODULES = YES;
				DEVELOPMENT_TEAM = FF8XS2JGH6;
				FRAMEWORK_SEARCH_PATHS = (
					"$(inherited)",
					"$(PROJECT_DIR)",
				);
				INFOPLIST_FILE = MusicMoodTests/Info.plist;
				LD_RUNPATH_SEARCH_PATHS = "$(inherited) @executable_path/Frameworks @loader_path/Frameworks";
				PRODUCT_BUNDLE_IDENTIFIER = "Ivan-Rzhanoi.MusicMoodTests";
				PRODUCT_NAME = "$(TARGET_NAME)";
				SWIFT_OBJC_BRIDGING_HEADER = "MusicMood/MusicMoodTests-Bridging-Header.h";
				SWIFT_OPTIMIZATION_LEVEL = "-Onone";
				SWIFT_VERSION = 3.0;
				TEST_HOST = "$(BUILT_PRODUCTS_DIR)/MusicMood.app/MusicMood";
			};
			name = Debug;
		};
		22A923BC1D93B0AB002A0CA0 /* Release */ = {
			isa = XCBuildConfiguration;
			buildSettings = {
				ALWAYS_EMBED_SWIFT_STANDARD_LIBRARIES = YES;
				BUNDLE_LOADER = "$(TEST_HOST)";
				CLANG_ENABLE_MODULES = YES;
				DEVELOPMENT_TEAM = FF8XS2JGH6;
				FRAMEWORK_SEARCH_PATHS = (
					"$(inherited)",
					"$(PROJECT_DIR)",
				);
				INFOPLIST_FILE = MusicMoodTests/Info.plist;
				LD_RUNPATH_SEARCH_PATHS = "$(inherited) @executable_path/Frameworks @loader_path/Frameworks";
				PRODUCT_BUNDLE_IDENTIFIER = "Ivan-Rzhanoi.MusicMoodTests";
				PRODUCT_NAME = "$(TARGET_NAME)";
				SWIFT_OBJC_BRIDGING_HEADER = "MusicMood/MusicMoodTests-Bridging-Header.h";
				SWIFT_VERSION = 3.0;
				TEST_HOST = "$(BUILT_PRODUCTS_DIR)/MusicMood.app/MusicMood";
			};
			name = Release;
		};
		22A923BE1D93B0AB002A0CA0 /* Debug */ = {
			isa = XCBuildConfiguration;
			buildSettings = {
				ALWAYS_EMBED_SWIFT_STANDARD_LIBRARIES = YES;
				CLANG_ENABLE_MODULES = YES;
				DEVELOPMENT_TEAM = FF8XS2JGH6;
				FRAMEWORK_SEARCH_PATHS = (
					"$(inherited)",
					"$(PROJECT_DIR)",
				);
				INFOPLIST_FILE = MusicMoodUITests/Info.plist;
				LD_RUNPATH_SEARCH_PATHS = "$(inherited) @executable_path/Frameworks @loader_path/Frameworks";
				PRODUCT_BUNDLE_IDENTIFIER = "Ivan-Rzhanoi.MusicMoodUITests";
				PRODUCT_NAME = "$(TARGET_NAME)";
				SWIFT_OBJC_BRIDGING_HEADER = "MusicMood/MusicMoodUITests-Bridging-Header.h";
				SWIFT_OPTIMIZATION_LEVEL = "-Onone";
				SWIFT_VERSION = 3.0;
				TEST_TARGET_NAME = MusicMood;
			};
			name = Debug;
		};
		22A923BF1D93B0AB002A0CA0 /* Release */ = {
			isa = XCBuildConfiguration;
			buildSettings = {
				ALWAYS_EMBED_SWIFT_STANDARD_LIBRARIES = YES;
				CLANG_ENABLE_MODULES = YES;
				DEVELOPMENT_TEAM = FF8XS2JGH6;
				FRAMEWORK_SEARCH_PATHS = (
					"$(inherited)",
					"$(PROJECT_DIR)",
				);
				INFOPLIST_FILE = MusicMoodUITests/Info.plist;
				LD_RUNPATH_SEARCH_PATHS = "$(inherited) @executable_path/Frameworks @loader_path/Frameworks";
				PRODUCT_BUNDLE_IDENTIFIER = "Ivan-Rzhanoi.MusicMoodUITests";
				PRODUCT_NAME = "$(TARGET_NAME)";
				SWIFT_OBJC_BRIDGING_HEADER = "MusicMood/MusicMoodUITests-Bridging-Header.h";
				SWIFT_VERSION = 3.0;
				TEST_TARGET_NAME = MusicMood;
			};
			name = Release;
		};
/* End XCBuildConfiguration section */

/* Begin XCConfigurationList section */
		22A9238A1D93B0AB002A0CA0 /* Build configuration list for PBXProject "MusicMood" */ = {
			isa = XCConfigurationList;
			buildConfigurations = (
				22A923B51D93B0AB002A0CA0 /* Debug */,
				22A923B61D93B0AB002A0CA0 /* Release */,
			);
			defaultConfigurationIsVisible = 0;
			defaultConfigurationName = Release;
		};
		22A923B71D93B0AB002A0CA0 /* Build configuration list for PBXNativeTarget "MusicMood" */ = {
			isa = XCConfigurationList;
			buildConfigurations = (
				22A923B81D93B0AB002A0CA0 /* Debug */,
				22A923B91D93B0AB002A0CA0 /* Release */,
			);
			defaultConfigurationIsVisible = 0;
			defaultConfigurationName = Release;
		};
		22A923BA1D93B0AB002A0CA0 /* Build configuration list for PBXNativeTarget "MusicMoodTests" */ = {
			isa = XCConfigurationList;
			buildConfigurations = (
				22A923BB1D93B0AB002A0CA0 /* Debug */,
				22A923BC1D93B0AB002A0CA0 /* Release */,
			);
			defaultConfigurationIsVisible = 0;
			defaultConfigurationName = Release;
		};
		22A923BD1D93B0AB002A0CA0 /* Build configuration list for PBXNativeTarget "MusicMoodUITests" */ = {
			isa = XCConfigurationList;
			buildConfigurations = (
				22A923BE1D93B0AB002A0CA0 /* Debug */,
				22A923BF1D93B0AB002A0CA0 /* Release */,
			);
			defaultConfigurationIsVisible = 0;
			defaultConfigurationName = Release;
		};
/* End XCConfigurationList section */

/* Begin XCVersionGroup section */
		2240B5E81E12541F00D24F9A /* AppData.xcdatamodeld */ = {
			isa = XCVersionGroup;
			children = (
				2240B5E91E12541F00D24F9A /* AppData.xcdatamodel */,
			);
			currentVersion = 2240B5E91E12541F00D24F9A /* AppData.xcdatamodel */;
			path = AppData.xcdatamodeld;
			sourceTree = "<group>";
			versionGroupType = wrapper.xcdatamodel;
		};
/* End XCVersionGroup section */
	};
	rootObject = 22A923871D93B0AB002A0CA0 /* Project object */;
}
